
Microsoft Visual Studio Solution File, Format Version 12.00
# Visual Studio 2013
VisualStudioVersion = 12.0.30110.0
MinimumVisualStudioVersion = 10.0.40219.1
Project("{8BC9CEB8-8B4A-11D0-8D11-00A0C91BC942}") = "TMP-LAB06", "TMP-LAB06.vcxproj", "{E5A9D8CC-B141-4FEC-922B-3C91F9A063DD}"
EndProject
Global
	GlobalSection(SolutionConfigurationPlatforms) = preSolution
		Debug|Win32 = Debug|Win32
		Release|Win32 = Release|Win32
	EndGlobalSection
	GlobalSection(ProjectConfigurationPlatforms) = postSolution
		{E5A9D8CC-B141-4FEC-922B-3C91F9A063DD}.Debug|Win32.ActiveCfg = Debug|Win32
		{E5A9D8CC-B141-4FEC-922B-3C91F9A063DD}.Debug|Win32.Build.0 = Debug|Win32
		{E5A9D8CC-B141-4FEC-922B-3C91F9A063DD}.Release|Win32.ActiveCfg = Release|Win32
		{E5A9D8CC-B141-4FEC-922B-3C91F9A063DD}.Release|Win32.Build.0 = Release|Win32
	EndGlobalSection
	GlobalSection(SolutionProperties) = preSolution
		HideSolutionNode = FALSE
	EndGlobalSection
EndGlobal
